
Microsoft Visual Studio Solution File, Format Version 12.00
# Visual Studio Version 17
VisualStudioVersion = 17.5.33502.453
MinimumVisualStudioVersion = 10.0.40219.1
Project("{FAE04EC0-301F-11D3-BF4B-00C04F79EFBC}") = "ApiVideo", "ApiVideo\ApiVideo.csproj", "{1860A91B-A96D-40BD-B79F-91EE3AE8F57E}"
EndProject
Global
	GlobalSection(SolutionConfigurationPlatforms) = preSolution
		Debug|Any CPU = Debug|Any CPU
		Release|Any CPU = Release|Any CPU
	EndGlobalSection
	GlobalSection(ProjectConfigurationPlatforms) = postSolution
		{1860A91B-A96D-40BD-B79F-91EE3AE8F57E}.Debug|Any CPU.ActiveCfg = Debug|Any CPU
		{1860A91B-A96D-40BD-B79F-91EE3AE8F57E}.Debug|Any CPU.Build.0 = Debug|Any CPU
		{1860A91B-A96D-40BD-B79F-91EE3AE8F57E}.Release|Any CPU.ActiveCfg = Release|Any CPU
		{1860A91B-A96D-40BD-B79F-91EE3AE8F57E}.Release|Any CPU.Build.0 = Release|Any CPU
	EndGlobalSection
	GlobalSection(SolutionProperties) = preSolution
		HideSolutionNode = FALSE
	EndGlobalSection
	GlobalSection(ExtensibilityGlobals) = postSolution
		SolutionGuid = {53DFC12F-11C0-4D06-BC7F-612B784893FD}
	EndGlobalSection
EndGlobal
